
Microsoft Visual Studio Solution File, Format Version 12.00
# Visual Studio Version 16
VisualStudioVersion = 16.0.30611.23
MinimumVisualStudioVersion = 10.0.40219.1
Project("{8BC9CEB8-8B4A-11D0-8D11-00A0C91BC942}") = "Project10_ham ao va tinh da hinh", "Project10_ham ao va tinh da hinh.vcxproj", "{C09C35AB-E435-4195-B553-788965A50A8A}"
EndProject
Global
	GlobalSection(SolutionConfigurationPlatforms) = preSolution
		Debug|x64 = Debug|x64
		Debug|x86 = Debug|x86
		Release|x64 = Release|x64
		Release|x86 = Release|x86
	EndGlobalSection
	GlobalSection(ProjectConfigurationPlatforms) = postSolution
		{C09C35AB-E435-4195-B553-788965A50A8A}.Debug|x64.ActiveCfg = Debug|x64
		{C09C35AB-E435-4195-B553-788965A50A8A}.Debug|x64.Build.0 = Debug|x64
		{C09C35AB-E435-4195-B553-788965A50A8A}.Debug|x86.ActiveCfg = Debug|Win32
		{C09C35AB-E435-4195-B553-788965A50A8A}.Debug|x86.Build.0 = Debug|Win32
		{C09C35AB-E435-4195-B553-788965A50A8A}.Release|x64.ActiveCfg = Release|x64
		{C09C35AB-E435-4195-B553-788965A50A8A}.Release|x64.Build.0 = Release|x64
		{C09C35AB-E435-4195-B553-788965A50A8A}.Release|x86.ActiveCfg = Release|Win32
		{C09C35AB-E435-4195-B553-788965A50A8A}.Release|x86.Build.0 = Release|Win32
	EndGlobalSection
	GlobalSection(SolutionProperties) = preSolution
		HideSolutionNode = FALSE
	EndGlobalSection
	GlobalSection(ExtensibilityGlobals) = postSolution
		SolutionGuid = {4F5017DF-7BCD-4B6E-A34C-BE10B5274F7C}
	EndGlobalSection
EndGlobal
