
Microsoft Visual Studio Solution File, Format Version 12.00
# Visual Studio Version 16
VisualStudioVersion = 16.0.30611.23
MinimumVisualStudioVersion = 10.0.40219.1
Project("{8BC9CEB8-8B4A-11D0-8D11-00A0C91BC942}") = "Project2", "Project2.vcxproj", "{82CFD4E4-C5AE-4B49-82E7-2499657DA8B9}"
EndProject
Global
	GlobalSection(SolutionConfigurationPlatforms) = preSolution
		Debug|x64 = Debug|x64
		Debug|x86 = Debug|x86
		Release|x64 = Release|x64
		Release|x86 = Release|x86
	EndGlobalSection
	GlobalSection(ProjectConfigurationPlatforms) = postSolution
		{82CFD4E4-C5AE-4B49-82E7-2499657DA8B9}.Debug|x64.ActiveCfg = Debug|x64
		{82CFD4E4-C5AE-4B49-82E7-2499657DA8B9}.Debug|x64.Build.0 = Debug|x64
		{82CFD4E4-C5AE-4B49-82E7-2499657DA8B9}.Debug|x86.ActiveCfg = Debug|Win32
		{82CFD4E4-C5AE-4B49-82E7-2499657DA8B9}.Debug|x86.Build.0 = Debug|Win32
		{82CFD4E4-C5AE-4B49-82E7-2499657DA8B9}.Release|x64.ActiveCfg = Release|x64
		{82CFD4E4-C5AE-4B49-82E7-2499657DA8B9}.Release|x64.Build.0 = Release|x64
		{82CFD4E4-C5AE-4B49-82E7-2499657DA8B9}.Release|x86.ActiveCfg = Release|Win32
		{82CFD4E4-C5AE-4B49-82E7-2499657DA8B9}.Release|x86.Build.0 = Release|Win32
	EndGlobalSection
	GlobalSection(SolutionProperties) = preSolution
		HideSolutionNode = FALSE
	EndGlobalSection
	GlobalSection(ExtensibilityGlobals) = postSolution
		SolutionGuid = {D6DA1A06-4A02-42F5-A684-FF3BE981F742}
	EndGlobalSection
EndGlobal
