
Microsoft Visual Studio Solution File, Format Version 12.00
# Visual Studio Version 16
VisualStudioVersion = 16.0.30611.23
MinimumVisualStudioVersion = 10.0.40219.1
Project("{8BC9CEB8-8B4A-11D0-8D11-00A0C91BC942}") = "Project2", "Project2.vcxproj", "{87081B97-65D1-41FF-BCA7-BE8E49549253}"
EndProject
Global
	GlobalSection(SolutionConfigurationPlatforms) = preSolution
		Debug|x64 = Debug|x64
		Debug|x86 = Debug|x86
		Release|x64 = Release|x64
		Release|x86 = Release|x86
	EndGlobalSection
	GlobalSection(ProjectConfigurationPlatforms) = postSolution
		{87081B97-65D1-41FF-BCA7-BE8E49549253}.Debug|x64.ActiveCfg = Debug|x64
		{87081B97-65D1-41FF-BCA7-BE8E49549253}.Debug|x64.Build.0 = Debug|x64
		{87081B97-65D1-41FF-BCA7-BE8E49549253}.Debug|x86.ActiveCfg = Debug|Win32
		{87081B97-65D1-41FF-BCA7-BE8E49549253}.Debug|x86.Build.0 = Debug|Win32
		{87081B97-65D1-41FF-BCA7-BE8E49549253}.Release|x64.ActiveCfg = Release|x64
		{87081B97-65D1-41FF-BCA7-BE8E49549253}.Release|x64.Build.0 = Release|x64
		{87081B97-65D1-41FF-BCA7-BE8E49549253}.Release|x86.ActiveCfg = Release|Win32
		{87081B97-65D1-41FF-BCA7-BE8E49549253}.Release|x86.Build.0 = Release|Win32
	EndGlobalSection
	GlobalSection(SolutionProperties) = preSolution
		HideSolutionNode = FALSE
	EndGlobalSection
	GlobalSection(ExtensibilityGlobals) = postSolution
		SolutionGuid = {A1199087-7E46-4FF4-961C-62D5A228BF85}
	EndGlobalSection
EndGlobal
